
Microsoft Visual Studio Solution File, Format Version 12.00
# Visual Studio Version 16
VisualStudioVersion = 16.0.31515.178
MinimumVisualStudioVersion = 10.0.40219.1
Project("{FAE04EC0-301F-11D3-BF4B-00C04F79EFBC}") = "OneDrivePhotoOrganizer", "OneDrivePhotoOrganizer\OneDrivePhotoOrganizer.csproj", "{9DBF74A8-0211-4A40-8CFC-5A4915C007DD}"
EndProject
Global
	GlobalSection(SolutionConfigurationPlatforms) = preSolution
		Debug|Any CPU = Debug|Any CPU
		Release|Any CPU = Release|Any CPU
	EndGlobalSection
	GlobalSection(ProjectConfigurationPlatforms) = postSolution
		{9DBF74A8-0211-4A40-8CFC-5A4915C007DD}.Debug|Any CPU.ActiveCfg = Debug|Any CPU
		{9DBF74A8-0211-4A40-8CFC-5A4915C007DD}.Debug|Any CPU.Build.0 = Debug|Any CPU
		{9DBF74A8-0211-4A40-8CFC-5A4915C007DD}.Release|Any CPU.ActiveCfg = Release|Any CPU
		{9DBF74A8-0211-4A40-8CFC-5A4915C007DD}.Release|Any CPU.Build.0 = Release|Any CPU
	EndGlobalSection
	GlobalSection(SolutionProperties) = preSolution
		HideSolutionNode = FALSE
	EndGlobalSection
	GlobalSection(ExtensibilityGlobals) = postSolution
		SolutionGuid = {901399BE-C2E9-4AFB-B724-C24D50AE601C}
	EndGlobalSection
EndGlobal
